{
  "originHash" : "fd3a0328220fcfc3021cefa39a2f2b6c92102268d34158f93ef57c7aab1c3877",
  "pins" : [
    {
      "identity" : "lottie-ios",
      "kind" : "remoteSourceControl",
      "location" : "https://github.com/airbnb/lottie-ios.git",
      "state" : {
        "revision" : "f522990668c2f9132323a2e68d924c7dcb9130b4",
        "version" : "4.4.0"
      }
    },
    {
      "identity" : "ti-cardlink.cardlink",
      "kind" : "registry",
      "location" : "",
      "state" : {
        "version" : "4.0.0"
      }
    },
    {
      "identity" : "ti-common.nfc",
      "kind" : "registry",
      "location" : "",
      "state" : {
        "version" : "3.0.0"
      }
    },
    {
      "identity" : "ti-popp.popp-sdk",
      "kind" : "registry",
      "location" : "",
      "state" : {
        "version" : "2.0.0"
      }
    }
  ],
  "version" : 3
}
